// !$*UTF8*$!
{
	archiveVersion = 1;
	classes = {
	};
	objectVersion = 77;
	objects = {

/* Begin PBXBuildFile section */
		D218DEF32E2CABBA00EB13A0 /* GoogleService-Info.plist in Resources */ = {isa = PBXBuildFile; fileRef = D218DEF22E2CABBA00EB13A0 /* GoogleService-Info.plist */; };
		D218DEF62E2CAE0400EB13A0 /* GoogleSignIn in Frameworks */ = {isa = PBXBuildFile; productRef = D218DEF52E2CAE0400EB13A0 /* GoogleSignIn */; };
		D257B53D2E2C0DE600D46682 /* FirebaseAnalytics in Frameworks */ = {isa = PBXBuildFile; productRef = D257B53C2E2C0DE600D46682 /* FirebaseAnalytics */; };
		D257B53F2E2C0DE600D46682 /* FirebaseAnalyticsCore in Frameworks */ = {isa = PBXBuildFile; productRef = D257B53E2E2C0DE600D46682 /* FirebaseAnalyticsCore */; };
		D257B5412E2C0DE600D46682 /* FirebaseAuth in Frameworks */ = {isa = PBXBuildFile; productRef = D257B5402E2C0DE600D46682 /* FirebaseAuth */; };
		D257B5432E2C0DE600D46682 /* FirebaseCrashlytics in Frameworks */ = {isa = PBXBuildFile; productRef = D257B5422E2C0DE600D46682 /* FirebaseCrashlytics */; };
		D257B5452E2C0DE600D46682 /* FirebaseFirestore in Frameworks */ = {isa = PBXBuildFile; productRef = D257B5442E2C0DE600D46682 /* FirebaseFirestore */; };
		D257B5472E2C0DE600D46682 /* FirebaseMessaging in Frameworks */ = {isa = PBXBuildFile; productRef = D257B5462E2C0DE600D46682 /* FirebaseMessaging */; };
		D257B5492E2C0DE600D46682 /* FirebaseStorage in Frameworks */ = {isa = PBXBuildFile; productRef = D257B5482E2C0DE600D46682 /* FirebaseStorage */; };
		D257B54B2E2C0DE600D46682 /* GoogleMobileAds in Frameworks */ = {isa = PBXBuildFile; productRef = D257B54A2E2C0DE600D46682 /* GoogleMobileAds */; };
/* End PBXBuildFile section */

/* Begin PBXContainerItemProxy section */
		D2776A1E2E1DAA5F00C580F6 /* PBXContainerItemProxy */ = {
			isa = PBXContainerItemProxy;
			containerPortal = D2776A062E1DAA5D00C580F6 /* Project object */;
			proxyType = 1;
			remoteGlobalIDString = D2776A0D2E1DAA5D00C580F6;
			remoteInfo = AITest;
		};
		D2776A282E1DAA5F00C580F6 /* PBXContainerItemProxy */ = {
			isa = PBXContainerItemProxy;
			containerPortal = D2776A062E1DAA5D00C580F6 /* Project object */;
			proxyType = 1;
			remoteGlobalIDString = D2776A0D2E1DAA5D00C580F6;
			remoteInfo = AITest;
		};
/* End PBXContainerItemProxy section */

/* Begin PBXFileReference section */
		D218DEF22E2CABBA00EB13A0 /* GoogleService-Info.plist */ = {isa = PBXFileReference; lastKnownFileType = text.plist.xml; path = "GoogleService-Info.plist"; sourceTree = "<group>"; };
		D218DEF92E2D0DF800EB13A0 /* privacy.html */ = {isa = PBXFileReference; lastKnownFileType = text.html; path = privacy.html; sourceTree = "<group>"; };
		D2776A0E2E1DAA5D00C580F6 /* AITest.app */ = {isa = PBXFileReference; explicitFileType = wrapper.application; includeInIndex = 0; path = AITest.app; sourceTree = BUILT_PRODUCTS_DIR; };
		D2776A1D2E1DAA5F00C580F6 /* AITestTests.xctest */ = {isa = PBXFileReference; explicitFileType = wrapper.cfbundle; includeInIndex = 0; path = AITestTests.xctest; sourceTree = BUILT_PRODUCTS_DIR; };
		D2776A272E1DAA5F00C580F6 /* AITestUITests.xctest */ = {isa = PBXFileReference; explicitFileType = wrapper.cfbundle; includeInIndex = 0; path = AITestUITests.xctest; sourceTree = BUILT_PRODUCTS_DIR; };
/* End PBXFileReference section */

/* Begin PBXFileSystemSynchronizedRootGroup section */
		D2776A102E1DAA5D00C580F6 /* AITest */ = {
			isa = PBXFileSystemSynchronizedRootGroup;
			path = AITest;
			sourceTree = "<group>";
		};
		D2776A202E1DAA5F00C580F6 /* AITestTests */ = {
			isa = PBXFileSystemSynchronizedRootGroup;
			path = AITestTests;
			sourceTree = "<group>";
		};
		D2776A2A2E1DAA5F00C580F6 /* AITestUITests */ = {
			isa = PBXFileSystemSynchronizedRootGroup;
			path = AITestUITests;
			sourceTree = "<group>";
		};
/* End PBXFileSystemSynchronizedRootGroup section */

/* Begin PBXFrameworksBuildPhase section */
		D2776A0B2E1DAA5D00C580F6 /* Frameworks */ = {
			isa = PBXFrameworksBuildPhase;
			buildActionMask = 2147483647;
			files = (
				D257B5472E2C0DE600D46682 /* FirebaseMessaging in Frameworks */,
				D257B53D2E2C0DE600D46682 /* FirebaseAnalytics in Frameworks */,
				D257B5432E2C0DE600D46682 /* FirebaseCrashlytics in Frameworks */,
				D257B5412E2C0DE600D46682 /* FirebaseAuth in Frameworks */,
				D257B5492E2C0DE600D46682 /* FirebaseStorage in Frameworks */,
				D257B5452E2C0DE600D46682 /* FirebaseFirestore in Frameworks */,
				D257B53F2E2C0DE600D46682 /* FirebaseAnalyticsCore in Frameworks */,
				D257B54B2E2C0DE600D46682 /* GoogleMobileAds in Frameworks */,
				D218DEF62E2CAE0400EB13A0 /* GoogleSignIn in Frameworks */,
			);
			runOnlyForDeploymentPostprocessing = 0;
		};
		D2776A1A2E1DAA5F00C580F6 /* Frameworks */ = {
			isa = PBXFrameworksBuildPhase;
			buildActionMask = 2147483647;
			files = (
			);
			runOnlyForDeploymentPostprocessing = 0;
		};
		D2776A242E1DAA5F00C580F6 /* Frameworks */ = {
			isa = PBXFrameworksBuildPhase;
			buildActionMask = 2147483647;
			files = (
			);
			runOnlyForDeploymentPostprocessing = 0;
		};
/* End PBXFrameworksBuildPhase section */

/* Begin PBXGroup section */
		D2776A052E1DAA5D00C580F6 = {
			isa = PBXGroup;
			children = (
				D218DEF92E2D0DF800EB13A0 /* privacy.html */,
				D218DEF22E2CABBA00EB13A0 /* GoogleService-Info.plist */,
				D2776A102E1DAA5D00C580F6 /* AITest */,
				D2776A202E1DAA5F00C580F6 /* AITestTests */,
				D2776A2A2E1DAA5F00C580F6 /* AITestUITests */,
				D2776A0F2E1DAA5D00C580F6 /* Products */,
			);
			sourceTree = "<group>";
		};
		D2776A0F2E1DAA5D00C580F6 /* Products */ = {
			isa = PBXGroup;
			children = (
				D2776A0E2E1DAA5D00C580F6 /* AITest.app */,
				D2776A1D2E1DAA5F00C580F6 /* AITestTests.xctest */,
				D2776A272E1DAA5F00C580F6 /* AITestUITests.xctest */,
			);
			name = Products;
			sourceTree = "<group>";
		};
/* End PBXGroup section */

/* Begin PBXNativeTarget section */
		D2776A0D2E1DAA5D00C580F6 /* AITest */ = {
			isa = PBXNativeTarget;
			buildConfigurationList = D2776A312E1DAA5F00C580F6 /* Build configuration list for PBXNativeTarget "AITest" */;
			buildPhases = (
				D2776A0A2E1DAA5D00C580F6 /* Sources */,
				D2776A0B2E1DAA5D00C580F6 /* Frameworks */,
				D2776A0C2E1DAA5D00C580F6 /* Resources */,
			);
			buildRules = (
			);
			dependencies = (
			);
			fileSystemSynchronizedGroups = (
				D2776A102E1DAA5D00C580F6 /* AITest */,
			);
			name = AITest;
			packageProductDependencies = (
				D257B53C2E2C0DE600D46682 /* FirebaseAnalytics */,
				D257B53E2E2C0DE600D46682 /* FirebaseAnalyticsCore */,
				D257B5402E2C0DE600D46682 /* FirebaseAuth */,
				D257B5422E2C0DE600D46682 /* FirebaseCrashlytics */,
				D257B5442E2C0DE600D46682 /* FirebaseFirestore */,
				D257B5462E2C0DE600D46682 /* FirebaseMessaging */,
				D257B5482E2C0DE600D46682 /* FirebaseStorage */,
				D257B54A2E2C0DE600D46682 /* GoogleMobileAds */,
				D218DEF52E2CAE0400EB13A0 /* GoogleSignIn */,
			);
			productName = AITest;
			productReference = D2776A0E2E1DAA5D00C580F6 /* AITest.app */;
			productType = "com.apple.product-type.application";
		};
		D2776A1C2E1DAA5F00C580F6 /* AITestTests */ = {
			isa = PBXNativeTarget;
			buildConfigurationList = D2776A342E1DAA5F00C580F6 /* Build configuration list for PBXNativeTarget "AITestTests" */;
			buildPhases = (
				D2776A192E1DAA5F00C580F6 /* Sources */,
				D2776A1A2E1DAA5F00C580F6 /* Frameworks */,
				D2776A1B2E1DAA5F00C580F6 /* Resources */,
			);
			buildRules = (
			);
			dependencies = (
				D2776A1F2E1DAA5F00C580F6 /* PBXTargetDependency */,
			);
			fileSystemSynchronizedGroups = (
				D2776A202E1DAA5F00C580F6 /* AITestTests */,
			);
			name = AITestTests;
			packageProductDependencies = (
			);
			productName = AITestTests;
			productReference = D2776A1D2E1DAA5F00C580F6 /* AITestTests.xctest */;
			productType = "com.apple.product-type.bundle.unit-test";
		};
		D2776A262E1DAA5F00C580F6 /* AITestUITests */ = {
			isa = PBXNativeTarget;
			buildConfigurationList = D2776A372E1DAA5F00C580F6 /* Build configuration list for PBXNativeTarget "AITestUITests" */;
			buildPhases = (
				D2776A232E1DAA5F00C580F6 /* Sources */,
				D2776A242E1DAA5F00C580F6 /* Frameworks */,
				D2776A252E1DAA5F00C580F6 /* Resources */,
			);
			buildRules = (
			);
			dependencies = (
				D2776A292E1DAA5F00C580F6 /* PBXTargetDependency */,
			);
			fileSystemSynchronizedGroups = (
				D2776A2A2E1DAA5F00C580F6 /* AITestUITests */,
			);
			name = AITestUITests;
			packageProductDependencies = (
			);
			productName = AITestUITests;
			productReference = D2776A272E1DAA5F00C580F6 /* AITestUITests.xctest */;
			productType = "com.apple.product-type.bundle.ui-testing";
		};
/* End PBXNativeTarget section */

/* Begin PBXProject section */
		D2776A062E1DAA5D00C580F6 /* Project object */ = {
			isa = PBXProject;
			attributes = {
				BuildIndependentTargetsInParallel = 1;
				LastSwiftUpdateCheck = 1640;
				LastUpgradeCheck = 1640;
				TargetAttributes = {
					D2776A0D2E1DAA5D00C580F6 = {
						CreatedOnToolsVersion = 16.4;
					};
					D2776A1C2E1DAA5F00C580F6 = {
						CreatedOnToolsVersion = 16.4;
						TestTargetID = D2776A0D2E1DAA5D00C580F6;
					};
					D2776A262E1DAA5F00C580F6 = {
						CreatedOnToolsVersion = 16.4;
						TestTargetID = D2776A0D2E1DAA5D00C580F6;
					};
				};
			};
			buildConfigurationList = D2776A092E1DAA5D00C580F6 /* Build configuration list for PBXProject "AITest" */;
			developmentRegion = en;
			hasScannedForEncodings = 0;
			knownRegions = (
				en,
				Base,
			);
			mainGroup = D2776A052E1DAA5D00C580F6;
			minimizedProjectReferenceProxies = 1;
			packageReferences = (
				D257B53B2E2C0DE600D46682 /* XCRemoteSwiftPackageReference "firebase-ios-sdk" */,
				D257B54C2E2C0DE600D46682 /* XCRemoteSwiftPackageReference "swift-package-manager-google-mobile-ads" */,
				D218DEF42E2CAE0400EB13A0 /* XCRemoteSwiftPackageReference "GoogleSignIn-iOS" */,
			);
			preferredProjectObjectVersion = 77;
			productRefGroup = D2776A0F2E1DAA5D00C580F6 /* Products */;
			projectDirPath = "";
			projectRoot = "";
			targets = (
				D2776A0D2E1DAA5D00C580F6 /* AITest */,
				D2776A1C2E1DAA5F00C580F6 /* AITestTests */,
				D2776A262E1DAA5F00C580F6 /* AITestUITests */,
			);
		};
/* End PBXProject section */

/* Begin PBXResourcesBuildPhase section */
		D2776A0C2E1DAA5D00C580F6 /* Resources */ = {
			isa = PBXResourcesBuildPhase;
			buildActionMask = 2147483647;
			files = (
				D218DEF32E2CABBA00EB13A0 /* GoogleService-Info.plist in Resources */,
			);
			runOnlyForDeploymentPostprocessing = 0;
		};
		D2776A1B2E1DAA5F00C580F6 /* Resources */ = {
			isa = PBXResourcesBuildPhase;
			buildActionMask = 2147483647;
			files = (
			);
			runOnlyForDeploymentPostprocessing = 0;
		};
		D2776A252E1DAA5F00C580F6 /* Resources */ = {
			isa = PBXResourcesBuildPhase;
			buildActionMask = 2147483647;
			files = (
			);
			runOnlyForDeploymentPostprocessing = 0;
		};
/* End PBXResourcesBuildPhase section */

/* Begin PBXSourcesBuildPhase section */
		D2776A0A2E1DAA5D00C580F6 /* Sources */ = {
			isa = PBXSourcesBuildPhase;
			buildActionMask = 2147483647;
			files = (
			);
			runOnlyForDeploymentPostprocessing = 0;
		};
		D2776A192E1DAA5F00C580F6 /* Sources */ = {
			isa = PBXSourcesBuildPhase;
			buildActionMask = 2147483647;
			files = (
			);
			runOnlyForDeploymentPostprocessing = 0;
		};
		D2776A232E1DAA5F00C580F6 /* Sources */ = {
			isa = PBXSourcesBuildPhase;
			buildActionMask = 2147483647;
			files = (
			);
			runOnlyForDeploymentPostprocessing = 0;
		};
/* End PBXSourcesBuildPhase section */

/* Begin PBXTargetDependency section */
		D2776A1F2E1DAA5F00C580F6 /* PBXTargetDependency */ = {
			isa = PBXTargetDependency;
			target = D2776A0D2E1DAA5D00C580F6 /* AITest */;
			targetProxy = D2776A1E2E1DAA5F00C580F6 /* PBXContainerItemProxy */;
		};
		D2776A292E1DAA5F00C580F6 /* PBXTargetDependency */ = {
			isa = PBXTargetDependency;
			target = D2776A0D2E1DAA5D00C580F6 /* AITest */;
			targetProxy = D2776A282E1DAA5F00C580F6 /* PBXContainerItemProxy */;
		};
/* End PBXTargetDependency section */

/* Begin XCBuildConfiguration section */
		D2776A2F2E1DAA5F00C580F6 /* Debug */ = {
			isa = XCBuildConfiguration;
			buildSettings = {
				ALWAYS_SEARCH_USER_PATHS = NO;
				ASSETCATALOG_COMPILER_GENERATE_SWIFT_ASSET_SYMBOL_EXTENSIONS = YES;
				CLANG_ANALYZER_NONNULL = YES;
				CLANG_ANALYZER_NUMBER_OBJECT_CONVERSION = YES_AGGRESSIVE;
				CLANG_CXX_LANGUAGE_STANDARD = "gnu++20";
				CLANG_ENABLE_MODULES = YES;
				CLANG_ENABLE_OBJC_ARC = YES;
				CLANG_ENABLE_OBJC_WEAK = YES;
				CLANG_WARN_BLOCK_CAPTURE_AUTORELEASING = YES;
				CLANG_WARN_BOOL_CONVERSION = YES;
				CLANG_WARN_COMMA = YES;
				CLANG_WARN_CONSTANT_CONVERSION = YES;
				CLANG_WARN_DEPRECATED_OBJC_IMPLEMENTATIONS = YES;
				CLANG_WARN_DIRECT_OBJC_ISA_USAGE = YES_ERROR;
				CLANG_WARN_DOCUMENTATION_COMMENTS = YES;
				CLANG_WARN_EMPTY_BODY = YES;
				CLANG_WARN_ENUM_CONVERSION = YES;
				CLANG_WARN_INFINITE_RECURSION = YES;
				CLANG_WARN_INT_CONVERSION = YES;
				CLANG_WARN_NON_LITERAL_NULL_CONVERSION = YES;
				CLANG_WARN_OBJC_IMPLICIT_RETAIN_SELF = YES;
				CLANG_WARN_OBJC_LITERAL_CONVERSION = YES;
				CLANG_WARN_OBJC_ROOT_CLASS = YES_ERROR;
				CLANG_WARN_QUOTED_INCLUDE_IN_FRAMEWORK_HEADER = YES;
				CLANG_WARN_RANGE_LOOP_ANALYSIS = YES;
				CLANG_WARN_STRICT_PROTOTYPES = YES;
				CLANG_WARN_SUSPICIOUS_MOVE = YES;
				CLANG_WARN_UNGUARDED_AVAILABILITY = YES_AGGRESSIVE;
				CLANG_WARN_UNREACHABLE_CODE = YES;
				CLANG_WARN__DUPLICATE_METHOD_MATCH = YES;
				COPY_PHASE_STRIP = NO;
				DEBUG_INFORMATION_FORMAT = dwarf;
				DEVELOPMENT_TEAM = 773C9JD4U2;
				ENABLE_STRICT_OBJC_MSGSEND = YES;
				ENABLE_TESTABILITY = YES;
				ENABLE_USER_SCRIPT_SANDBOXING = YES;
				GCC_C_LANGUAGE_STANDARD = gnu17;
				GCC_DYNAMIC_NO_PIC = NO;
				GCC_NO_COMMON_BLOCKS = YES;
				GCC_OPTIMIZATION_LEVEL = 0;
				GCC_PREPROCESSOR_DEFINITIONS = (
					"DEBUG=1",
					"$(inherited)",
				);
				GCC_WARN_64_TO_32_BIT_CONVERSION = YES;
				GCC_WARN_ABOUT_RETURN_TYPE = YES_ERROR;
				GCC_WARN_UNDECLARED_SELECTOR = YES;
				GCC_WARN_UNINITIALIZED_AUTOS = YES_AGGRESSIVE;
				GCC_WARN_UNUSED_FUNCTION = YES;
				GCC_WARN_UNUSED_VARIABLE = YES;
				IPHONEOS_DEPLOYMENT_TARGET = 18.5;
				LOCALIZATION_PREFERS_STRING_CATALOGS = YES;
				MTL_ENABLE_DEBUG_INFO = INCLUDE_SOURCE;
				MTL_FAST_MATH = YES;
				ONLY_ACTIVE_ARCH = YES;
				SDKROOT = iphoneos;
				SWIFT_ACTIVE_COMPILATION_CONDITIONS = "DEBUG $(inherited)";
				SWIFT_OPTIMIZATION_LEVEL = "-Onone";
			};
			name = Debug;
		};
		D2776A302E1DAA5F00C580F6 /* Release */ = {
			isa = XCBuildConfiguration;
			buildSettings = {
				ALWAYS_SEARCH_USER_PATHS = NO;
				ASSETCATALOG_COMPILER_GENERATE_SWIFT_ASSET_SYMBOL_EXTENSIONS = YES;
				CLANG_ANALYZER_NONNULL = YES;
				CLANG_ANALYZER_NUMBER_OBJECT_CONVERSION = YES_AGGRESSIVE;
				CLANG_CXX_LANGUAGE_STANDARD = "gnu++20";
				CLANG_ENABLE_MODULES = YES;
				CLANG_ENABLE_OBJC_ARC = YES;
				CLANG_ENABLE_OBJC_WEAK = YES;
				CLANG_WARN_BLOCK_CAPTURE_AUTORELEASING = YES;
				CLANG_WARN_BOOL_CONVERSION = YES;
				CLANG_WARN_COMMA = YES;
				CLANG_WARN_CONSTANT_CONVERSION = YES;
				CLANG_WARN_DEPRECATED_OBJC_IMPLEMENTATIONS = YES;
				CLANG_WARN_DIRECT_OBJC_ISA_USAGE = YES_ERROR;
				CLANG_WARN_DOCUMENTATION_COMMENTS = YES;
				CLANG_WARN_EMPTY_BODY = YES;
				CLANG_WARN_ENUM_CONVERSION = YES;
				CLANG_WARN_INFINITE_RECURSION = YES;
				CLANG_WARN_INT_CONVERSION = YES;
				CLANG_WARN_NON_LITERAL_NULL_CONVERSION = YES;
				CLANG_WARN_OBJC_IMPLICIT_RETAIN_SELF = YES;
				CLANG_WARN_OBJC_LITERAL_CONVERSION = YES;
				CLANG_WARN_OBJC_ROOT_CLASS = YES_ERROR;
				CLANG_WARN_QUOTED_INCLUDE_IN_FRAMEWORK_HEADER = YES;
				CLANG_WARN_RANGE_LOOP_ANALYSIS = YES;
				CLANG_WARN_STRICT_PROTOTYPES = YES;
				CLANG_WARN_SUSPICIOUS_MOVE = YES;
				CLANG_WARN_UNGUARDED_AVAILABILITY = YES_AGGRESSIVE;
				CLANG_WARN_UNREACHABLE_CODE = YES;
				CLANG_WARN__DUPLICATE_METHOD_MATCH = YES;
				COPY_PHASE_STRIP = NO;
				DEBUG_INFORMATION_FORMAT = "dwarf-with-dsym";
				DEVELOPMENT_TEAM = 773C9JD4U2;
				ENABLE_NS_ASSERTIONS = NO;
				ENABLE_STRICT_OBJC_MSGSEND = YES;
				ENABLE_USER_SCRIPT_SANDBOXING = YES;
				GCC_C_LANGUAGE_STANDARD = gnu17;
				GCC_NO_COMMON_BLOCKS = YES;
				GCC_WARN_64_TO_32_BIT_CONVERSION = YES;
				GCC_WARN_ABOUT_RETURN_TYPE = YES_ERROR;
				GCC_WARN_UNDECLARED_SELECTOR = YES;
				GCC_WARN_UNINITIALIZED_AUTOS = YES_AGGRESSIVE;
				GCC_WARN_UNUSED_FUNCTION = YES;
				GCC_WARN_UNUSED_VARIABLE = YES;
				IPHONEOS_DEPLOYMENT_TARGET = 18.5;
				LOCALIZATION_PREFERS_STRING_CATALOGS = YES;
				MTL_ENABLE_DEBUG_INFO = NO;
				MTL_FAST_MATH = YES;
				SDKROOT = iphoneos;
				SWIFT_COMPILATION_MODE = wholemodule;
				VALIDATE_PRODUCT = YES;
			};
			name = Release;
		};
		D2776A322E1DAA5F00C580F6 /* Debug */ = {
			isa = XCBuildConfiguration;
			buildSettings = {
				ASSETCATALOG_COMPILER_APPICON_NAME = AppIcon;
				ASSETCATALOG_COMPILER_GLOBAL_ACCENT_COLOR_NAME = AccentColor;
				CODE_SIGN_STYLE = Automatic;
				CURRENT_PROJECT_VERSION = 1;
				DEVELOPMENT_TEAM = 773C9JD4U2;
				ENABLE_PREVIEWS = YES;
				GENERATE_INFOPLIST_FILE = YES;
				INFOPLIST_KEY_GADApplicationIdentifier = "ca-app-pub-9489340523484530~5027045442";
				INFOPLIST_KEY_LSApplicationCategoryType = "public.app-category.productivity";
				INFOPLIST_KEY_UIApplicationSceneManifest_Generation = YES;
				INFOPLIST_KEY_UIApplicationSupportsIndirectInputEvents = YES;
				INFOPLIST_KEY_UILaunchScreen_Generation = YES;
				INFOPLIST_KEY_UISupportedInterfaceOrientations_iPad = "UIInterfaceOrientationPortrait UIInterfaceOrientationPortraitUpsideDown UIInterfaceOrientationLandscapeLeft UIInterfaceOrientationLandscapeRight";
				INFOPLIST_KEY_UISupportedInterfaceOrientations_iPhone = "UIInterfaceOrientationPortrait UIInterfaceOrientationLandscapeLeft UIInterfaceOrientationLandscapeRight";
				LD_RUNPATH_SEARCH_PATHS = (
					"$(inherited)",
					"@executable_path/Frameworks",
				);
				MARKETING_VERSION = 1.0;
				PRODUCT_BUNDLE_IDENTIFIER = com.shambhavi.smartinventory;
				PRODUCT_NAME = "$(TARGET_NAME)";
				SWIFT_EMIT_LOC_STRINGS = YES;
				SWIFT_VERSION = 5.0;
				TARGETED_DEVICE_FAMILY = "1,2";
			};
			name = Debug;
		};
		D2776A332E1DAA5F00C580F6 /* Release */ = {
			isa = XCBuildConfiguration;
			buildSettings = {
				ASSETCATALOG_COMPILER_APPICON_NAME = AppIcon;
				ASSETCATALOG_COMPILER_GLOBAL_ACCENT_COLOR_NAME = AccentColor;
				CODE_SIGN_STYLE = Automatic;
				CURRENT_PROJECT_VERSION = 1;
				DEVELOPMENT_TEAM = 773C9JD4U2;
				ENABLE_PREVIEWS = YES;
				GENERATE_INFOPLIST_FILE = YES;
				INFOPLIST_KEY_GADApplicationIdentifier = "ca-app-pub-9489340523484530~5027045442";
				INFOPLIST_KEY_LSApplicationCategoryType = "public.app-category.productivity";
				INFOPLIST_KEY_NSUserTrackingUsageDescription = "This identifier will be used to deliver personalized ads to you.";
				INFOPLIST_KEY_UIApplicationSceneManifest_Generation = YES;
				INFOPLIST_KEY_UIApplicationSupportsIndirectInputEvents = YES;
				INFOPLIST_KEY_UILaunchScreen_Generation = YES;
				INFOPLIST_KEY_UISupportedInterfaceOrientations_iPad = "UIInterfaceOrientationPortrait UIInterfaceOrientationPortraitUpsideDown UIInterfaceOrientationLandscapeLeft UIInterfaceOrientationLandscapeRight";
				INFOPLIST_KEY_UISupportedInterfaceOrientations_iPhone = "UIInterfaceOrientationPortrait UIInterfaceOrientationLandscapeLeft UIInterfaceOrientationLandscapeRight";
				LD_RUNPATH_SEARCH_PATHS = (
					"$(inherited)",
					"@executable_path/Frameworks",
				);
				MARKETING_VERSION = 1.0;
				PRODUCT_BUNDLE_IDENTIFIER = com.shambhavi.smartinventory;
				PRODUCT_NAME = "$(TARGET_NAME)";
				SWIFT_EMIT_LOC_STRINGS = YES;
				SWIFT_VERSION = 5.0;
				TARGETED_DEVICE_FAMILY = "1,2";
			};
			name = Release;
		};
		D2776A352E1DAA5F00C580F6 /* Debug */ = {
			isa = XCBuildConfiguration;
			buildSettings = {
				BUNDLE_LOADER = "$(TEST_HOST)";
				CODE_SIGN_STYLE = Automatic;
				CURRENT_PROJECT_VERSION = 1;
				DEVELOPMENT_TEAM = 773C9JD4U2;
				GENERATE_INFOPLIST_FILE = YES;
				IPHONEOS_DEPLOYMENT_TARGET = 18.5;
				MARKETING_VERSION = 1.0;
				PRODUCT_BUNDLE_IDENTIFIER = com.karthik.AITestTests;
				PRODUCT_NAME = "$(TARGET_NAME)";
				SWIFT_EMIT_LOC_STRINGS = NO;
				SWIFT_VERSION = 5.0;
				TARGETED_DEVICE_FAMILY = "1,2";
				TEST_HOST = "$(BUILT_PRODUCTS_DIR)/AITest.app/$(BUNDLE_EXECUTABLE_FOLDER_PATH)/AITest";
			};
			name = Debug;
		};
		D2776A362E1DAA5F00C580F6 /* Release */ = {
			isa = XCBuildConfiguration;
			buildSettings = {
				BUNDLE_LOADER = "$(TEST_HOST)";
				CODE_SIGN_STYLE = Automatic;
				CURRENT_PROJECT_VERSION = 1;
				DEVELOPMENT_TEAM = 773C9JD4U2;
				GENERATE_INFOPLIST_FILE = YES;
				IPHONEOS_DEPLOYMENT_TARGET = 18.5;
				MARKETING_VERSION = 1.0;
				PRODUCT_BUNDLE_IDENTIFIER = com.karthik.AITestTests;
				PRODUCT_NAME = "$(TARGET_NAME)";
				SWIFT_EMIT_LOC_STRINGS = NO;
				SWIFT_VERSION = 5.0;
				TARGETED_DEVICE_FAMILY = "1,2";
				TEST_HOST = "$(BUILT_PRODUCTS_DIR)/AITest.app/$(BUNDLE_EXECUTABLE_FOLDER_PATH)/AITest";
			};
			name = Release;
		};
		D2776A382E1DAA5F00C580F6 /* Debug */ = {
			isa = XCBuildConfiguration;
			buildSettings = {
				CODE_SIGN_STYLE = Automatic;
				CURRENT_PROJECT_VERSION = 1;
				DEVELOPMENT_TEAM = 773C9JD4U2;
				GENERATE_INFOPLIST_FILE = YES;
				MARKETING_VERSION = 1.0;
				PRODUCT_BUNDLE_IDENTIFIER = com.karthik.AITestUITests;
				PRODUCT_NAME = "$(TARGET_NAME)";
				SWIFT_EMIT_LOC_STRINGS = NO;
				SWIFT_VERSION = 5.0;
				TARGETED_DEVICE_FAMILY = "1,2";
				TEST_TARGET_NAME = AITest;
			};
			name = Debug;
		};
		D2776A392E1DAA5F00C580F6 /* Release */ = {
			isa = XCBuildConfiguration;
			buildSettings = {
				CODE_SIGN_STYLE = Automatic;
				CURRENT_PROJECT_VERSION = 1;
				DEVELOPMENT_TEAM = 773C9JD4U2;
				GENERATE_INFOPLIST_FILE = YES;
				MARKETING_VERSION = 1.0;
				PRODUCT_BUNDLE_IDENTIFIER = com.karthik.AITestUITests;
				PRODUCT_NAME = "$(TARGET_NAME)";
				SWIFT_EMIT_LOC_STRINGS = NO;
				SWIFT_VERSION = 5.0;
				TARGETED_DEVICE_FAMILY = "1,2";
				TEST_TARGET_NAME = AITest;
			};
			name = Release;
		};
/* End XCBuildConfiguration section */

/* Begin XCConfigurationList section */
		D2776A092E1DAA5D00C580F6 /* Build configuration list for PBXProject "AITest" */ = {
			isa = XCConfigurationList;
			buildConfigurations = (
				D2776A2F2E1DAA5F00C580F6 /* Debug */,
				D2776A302E1DAA5F00C580F6 /* Release */,
			);
			defaultConfigurationIsVisible = 0;
			defaultConfigurationName = Release;
		};
		D2776A312E1DAA5F00C580F6 /* Build configuration list for PBXNativeTarget "AITest" */ = {
			isa = XCConfigurationList;
			buildConfigurations = (
				D2776A322E1DAA5F00C580F6 /* Debug */,
				D2776A332E1DAA5F00C580F6 /* Release */,
			);
			defaultConfigurationIsVisible = 0;
			defaultConfigurationName = Release;
		};
		D2776A342E1DAA5F00C580F6 /* Build configuration list for PBXNativeTarget "AITestTests" */ = {
			isa = XCConfigurationList;
			buildConfigurations = (
				D2776A352E1DAA5F00C580F6 /* Debug */,
				D2776A362E1DAA5F00C580F6 /* Release */,
			);
			defaultConfigurationIsVisible = 0;
			defaultConfigurationName = Release;
		};
		D2776A372E1DAA5F00C580F6 /* Build configuration list for PBXNativeTarget "AITestUITests" */ = {
			isa = XCConfigurationList;
			buildConfigurations = (
				D2776A382E1DAA5F00C580F6 /* Debug */,
				D2776A392E1DAA5F00C580F6 /* Release */,
			);
			defaultConfigurationIsVisible = 0;
			defaultConfigurationName = Release;
		};
/* End XCConfigurationList section */

/* Begin XCRemoteSwiftPackageReference section */
		D218DEF42E2CAE0400EB13A0 /* XCRemoteSwiftPackageReference "GoogleSignIn-iOS" */ = {
			isa = XCRemoteSwiftPackageReference;
			repositoryURL = "https://github.com/google/GoogleSignIn-iOS.git";
			requirement = {
				kind = upToNextMajorVersion;
				minimumVersion = 9.0.0;
			};
		};
		D257B53B2E2C0DE600D46682 /* XCRemoteSwiftPackageReference "firebase-ios-sdk" */ = {
			isa = XCRemoteSwiftPackageReference;
			repositoryURL = "https://github.com/firebase/firebase-ios-sdk";
			requirement = {
				kind = upToNextMajorVersion;
				minimumVersion = 12.0.0;
			};
		};
		D257B54C2E2C0DE600D46682 /* XCRemoteSwiftPackageReference "swift-package-manager-google-mobile-ads" */ = {
			isa = XCRemoteSwiftPackageReference;
			repositoryURL = "https://github.com/googleads/swift-package-manager-google-mobile-ads";
			requirement = {
				kind = upToNextMajorVersion;
				minimumVersion = 11.0.0;
			};
		};
/* End XCRemoteSwiftPackageReference section */

/* Begin XCSwiftPackageProductDependency section */
		D218DEF52E2CAE0400EB13A0 /* GoogleSignIn */ = {
			isa = XCSwiftPackageProductDependency;
			package = D218DEF42E2CAE0400EB13A0 /* XCRemoteSwiftPackageReference "GoogleSignIn-iOS" */;
			productName = GoogleSignIn;
		};
		D257B53C2E2C0DE600D46682 /* FirebaseAnalytics */ = {
			isa = XCSwiftPackageProductDependency;
			package = D257B53B2E2C0DE600D46682 /* XCRemoteSwiftPackageReference "firebase-ios-sdk" */;
			productName = FirebaseAnalytics;
		};
		D257B53E2E2C0DE600D46682 /* FirebaseAnalyticsCore */ = {
			isa = XCSwiftPackageProductDependency;
			package = D257B53B2E2C0DE600D46682 /* XCRemoteSwiftPackageReference "firebase-ios-sdk" */;
			productName = FirebaseAnalyticsCore;
		};
		D257B5402E2C0DE600D46682 /* FirebaseAuth */ = {
			isa = XCSwiftPackageProductDependency;
			package = D257B53B2E2C0DE600D46682 /* XCRemoteSwiftPackageReference "firebase-ios-sdk" */;
			productName = FirebaseAuth;
		};
		D257B5422E2C0DE600D46682 /* FirebaseCrashlytics */ = {
			isa = XCSwiftPackageProductDependency;
			package = D257B53B2E2C0DE600D46682 /* XCRemoteSwiftPackageReference "firebase-ios-sdk" */;
			productName = FirebaseCrashlytics;
		};
		D257B5442E2C0DE600D46682 /* FirebaseFirestore */ = {
			isa = XCSwiftPackageProductDependency;
			package = D257B53B2E2C0DE600D46682 /* XCRemoteSwiftPackageReference "firebase-ios-sdk" */;
			productName = FirebaseFirestore;
		};
		D257B5462E2C0DE600D46682 /* FirebaseMessaging */ = {
			isa = XCSwiftPackageProductDependency;
			package = D257B53B2E2C0DE600D46682 /* XCRemoteSwiftPackageReference "firebase-ios-sdk" */;
			productName = FirebaseMessaging;
		};
		D257B5482E2C0DE600D46682 /* FirebaseStorage */ = {
			isa = XCSwiftPackageProductDependency;
			package = D257B53B2E2C0DE600D46682 /* XCRemoteSwiftPackageReference "firebase-ios-sdk" */;
			productName = FirebaseStorage;
		};
		D257B54A2E2C0DE600D46682 /* GoogleMobileAds */ = {
			isa = XCSwiftPackageProductDependency;
			package = D257B54C2E2C0DE600D46682 /* XCRemoteSwiftPackageReference "swift-package-manager-google-mobile-ads" */;
			productName = GoogleMobileAds;
		};
/* End XCSwiftPackageProductDependency section */
	};
	rootObject = D2776A062E1DAA5D00C580F6 /* Project object */;
}
